
Microsoft Visual Studio Solution File, Format Version 12.00
# Visual Studio Version 17
VisualStudioVersion = 17.2.32630.192
MinimumVisualStudioVersion = 10.0.40219.1
Project("{FAE04EC0-301F-11D3-BF4B-00C04F79EFBC}") = "Goals", "Goals\Goals.csproj", "{7338B20B-A808-46BE-975D-3C60E045125A}"
EndProject
Global
	GlobalSection(SolutionConfigurationPlatforms) = preSolution
		Debug|Any CPU = Debug|Any CPU
		Release|Any CPU = Release|Any CPU
	EndGlobalSection
	GlobalSection(ProjectConfigurationPlatforms) = postSolution
		{7338B20B-A808-46BE-975D-3C60E045125A}.Debug|Any CPU.ActiveCfg = Debug|Any CPU
		{7338B20B-A808-46BE-975D-3C60E045125A}.Debug|Any CPU.Build.0 = Debug|Any CPU
		{7338B20B-A808-46BE-975D-3C60E045125A}.Release|Any CPU.ActiveCfg = Release|Any CPU
		{7338B20B-A808-46BE-975D-3C60E045125A}.Release|Any CPU.Build.0 = Release|Any CPU
	EndGlobalSection
	GlobalSection(SolutionProperties) = preSolution
		HideSolutionNode = FALSE
	EndGlobalSection
	GlobalSection(ExtensibilityGlobals) = postSolution
		SolutionGuid = {F71C4ECD-B817-4041-AA4A-272867F65AA5}
	EndGlobalSection
EndGlobal
